
Microsoft Visual Studio Solution File, Format Version 12.00
# Visual Studio Version 16
VisualStudioVersion = 16.0.31729.503
MinimumVisualStudioVersion = 10.0.40219.1
Project("{FAE04EC0-301F-11D3-BF4B-00C04F79EFBC}") = "SkyNet", "SkyNet\SkyNet.csproj", "{29F0FBE4-0273-4E31-A5C5-F2023EF86C8E}"
EndProject
Global
	GlobalSection(SolutionConfigurationPlatforms) = preSolution
		Debug|Any CPU = Debug|Any CPU
		Release|Any CPU = Release|Any CPU
	EndGlobalSection
	GlobalSection(ProjectConfigurationPlatforms) = postSolution
		{29F0FBE4-0273-4E31-A5C5-F2023EF86C8E}.Debug|Any CPU.ActiveCfg = Debug|Any CPU
		{29F0FBE4-0273-4E31-A5C5-F2023EF86C8E}.Debug|Any CPU.Build.0 = Debug|Any CPU
		{29F0FBE4-0273-4E31-A5C5-F2023EF86C8E}.Release|Any CPU.ActiveCfg = Release|Any CPU
		{29F0FBE4-0273-4E31-A5C5-F2023EF86C8E}.Release|Any CPU.Build.0 = Release|Any CPU
	EndGlobalSection
	GlobalSection(SolutionProperties) = preSolution
		HideSolutionNode = FALSE
	EndGlobalSection
	GlobalSection(ExtensibilityGlobals) = postSolution
		SolutionGuid = {AE7AA274-D18C-4C0D-B998-EAA5E5136EFF}
	EndGlobalSection
EndGlobal
